Microsoft Visual Studio Solution File, Format Version 12.00
# Visual Studio Version 16
VisualStudioVersion = 16.0.30516.212
MinimumVisualStudioVersion = 10.0.40219.1
Project("{9A19103F-16F7-4668-BE54-9A1E7A4F7556}") = "SalesTax.Tests", "SalesTax.Tests\SalesTax.Tests.csproj", "{434E8FE1-94BD-4701-82A1-799693E405A4}"
EndProject
Project("{9A19103F-16F7-4668-BE54-9A1E7A4F7556}") = "SalesTax.Lib", "SalesTax.Lib\SalesTax.Lib.csproj", "{18C5FDDA-CE45-4944-9F69-B03516F96E6C}"
EndProject
Project("{2150E333-8FDC-42A3-9474-1A3956D46DE8}") = "Solution Items", "Solution Items", "{85238BC7-C1CD-437D-A9FD-58B825420FAA}"
	ProjectSection(SolutionItems) = preProject
		README.md = README.md
	EndProjectSection
EndProject
Global
	GlobalSection(SolutionConfigurationPlatforms) = preSolution
		Debug|Any CPU = Debug|Any CPU
		Release|Any CPU = Release|Any CPU
	EndGlobalSection
	GlobalSection(ProjectConfigurationPlatforms) = postSolution
		{434E8FE1-94BD-4701-82A1-799693E405A4}.Debug|Any CPU.ActiveCfg = Debug|Any CPU
		{434E8FE1-94BD-4701-82A1-799693E405A4}.Debug|Any CPU.Build.0 = Debug|Any CPU
		{434E8FE1-94BD-4701-82A1-799693E405A4}.Release|Any CPU.ActiveCfg = Release|Any CPU
		{434E8FE1-94BD-4701-82A1-799693E405A4}.Release|Any CPU.Build.0 = Release|Any CPU
		{18C5FDDA-CE45-4944-9F69-B03516F96E6C}.Debug|Any CPU.ActiveCfg = Debug|Any CPU
		{18C5FDDA-CE45-4944-9F69-B03516F96E6C}.Debug|Any CPU.Build.0 = Debug|Any CPU
		{18C5FDDA-CE45-4944-9F69-B03516F96E6C}.Release|Any CPU.ActiveCfg = Release|Any CPU
		{18C5FDDA-CE45-4944-9F69-B03516F96E6C}.Release|Any CPU.Build.0 = Release|Any CPU
	EndGlobalSection
	GlobalSection(SolutionProperties) = preSolution
		HideSolutionNode = FALSE
	EndGlobalSection
	GlobalSection(ExtensibilityGlobals) = postSolution
		SolutionGuid = {5B82CAAB-23C6-40F2-9824-9F72DEB42F83}
	EndGlobalSection
EndGlobal
